Microsoft Visual Studio Solution File, Format Version 12.00
# Visual Studio 2012
Project("{FAE04EC0-301F-11D3-BF4B-00C04F79EFBC}") = "LogicViz", "LogicViz.csproj", "{6B34C75B-81A7-4768-B23B-27D78330661B}"
EndProject
Global
	GlobalSection(SolutionConfigurationPlatforms) = preSolution
	Debug|Any CPU = Debug|Any CPU
	ExportDebug|Any CPU = ExportDebug|Any CPU
	ExportRelease|Any CPU = ExportRelease|Any CPU
	EndGlobalSection
	GlobalSection(ProjectConfigurationPlatforms) = postSolution
		{6B34C75B-81A7-4768-B23B-27D78330661B}.Debug|Any CPU.ActiveCfg = Debug|Any CPU
		{6B34C75B-81A7-4768-B23B-27D78330661B}.Debug|Any CPU.Build.0 = Debug|Any CPU
		{6B34C75B-81A7-4768-B23B-27D78330661B}.ExportDebug|Any CPU.ActiveCfg = ExportDebug|Any CPU
		{6B34C75B-81A7-4768-B23B-27D78330661B}.ExportDebug|Any CPU.Build.0 = ExportDebug|Any CPU
		{6B34C75B-81A7-4768-B23B-27D78330661B}.ExportRelease|Any CPU.ActiveCfg = ExportRelease|Any CPU
		{6B34C75B-81A7-4768-B23B-27D78330661B}.ExportRelease|Any CPU.Build.0 = ExportRelease|Any CPU
	EndGlobalSection
EndGlobal
